
Microsoft Visual Studio Solution File, Format Version 12.00
# Visual Studio Version 17
VisualStudioVersion = 17.0.31903.59
MinimumVisualStudioVersion = 10.0.40219.1
Project("{FAE04EC0-301F-11D3-BF4B-00C04F79EFBC}") = "task07", "task07\task07.csproj", "{FC698474-B71C-44B2-90A4-5F8CCCE5E353}"
EndProject
Project("{FAE04EC0-301F-11D3-BF4B-00C04F79EFBC}") = "task07tests", "task07tests\task07tests.csproj", "{3D0CB19C-666A-4BFA-BC74-D13F3EF48C5D}"
EndProject
Global
	GlobalSection(SolutionConfigurationPlatforms) = preSolution
		Debug|Any CPU = Debug|Any CPU
		Release|Any CPU = Release|Any CPU
	EndGlobalSection
	GlobalSection(SolutionProperties) = preSolution
		HideSolutionNode = FALSE
	EndGlobalSection
	GlobalSection(ProjectConfigurationPlatforms) = postSolution
		{FC698474-B71C-44B2-90A4-5F8CCCE5E353}.Debug|Any CPU.ActiveCfg = Debug|Any CPU
		{FC698474-B71C-44B2-90A4-5F8CCCE5E353}.Debug|Any CPU.Build.0 = Debug|Any CPU
		{FC698474-B71C-44B2-90A4-5F8CCCE5E353}.Release|Any CPU.ActiveCfg = Release|Any CPU
		{FC698474-B71C-44B2-90A4-5F8CCCE5E353}.Release|Any CPU.Build.0 = Release|Any CPU
		{3D0CB19C-666A-4BFA-BC74-D13F3EF48C5D}.Debug|Any CPU.ActiveCfg = Debug|Any CPU
		{3D0CB19C-666A-4BFA-BC74-D13F3EF48C5D}.Debug|Any CPU.Build.0 = Debug|Any CPU
		{3D0CB19C-666A-4BFA-BC74-D13F3EF48C5D}.Release|Any CPU.ActiveCfg = Release|Any CPU
		{3D0CB19C-666A-4BFA-BC74-D13F3EF48C5D}.Release|Any CPU.Build.0 = Release|Any CPU
	EndGlobalSection
EndGlobal
